{
  "name": "scripttemplate",
  "version": "1.0.0",
  "lockfileVersion": 1,
  "requires": true,
  "dependencies": {
    "@fibre/types": {
      "version": "0.0.13",
      "resolved": "https://registry.npmjs.org/@fibre/types/-/types-0.0.13.tgz",
      "integrity": "sha512-+3wBY/qmjI6AzKykX77o2APhZ01FRkjf7aBjDRrNtC2QxVYSYvOY0Axn0z2pXrpOqdmFV8xdDcpnSnX4VJBGHg=="
    }
  }
}
